<?xml version="1.0" encoding="utf-8"?>
<Project ToolsVersion="4.0" xmlns="http://schemas.microsoft.com/developer/msbuild/2003">
  <ItemGroup>
    <Filter Include="Resources">
      <UniqueIdentifier>{67DA6AB6-F800-4c08-8B7A-83BB121AAD01}</UniqueIdentifier>
      <Extensions>rc;ico;cur;bmp;dlg;rc2;rct;bin;rgs;gif;jpg;jpeg;jpe;resx;tiff;tif;png;wav;mfcribbon-ms</Extensions>
    </Filter>
    <Filter Include="Source">
      <UniqueIdentifier>{4FC737F1-C7A5-4376-A066-2A32D752A2FF}</UniqueIdentifier>
      <Extensions>cpp;c;cc;cxx;c++;cppm;ixx;def;odl;idl;hpj;bat;asm;asmx</Extensions>
    </Filter>
    <Filter Include="Source\Private">
      <UniqueIdentifier>{9e52d38a-c256-47a5-848d-2aaa054815a2}</UniqueIdentifier>
    </Filter>
    <Filter Include="Source\Public">
      <UniqueIdentifier>{133e3dcd-55b6-4d70-8de2-b93c38212c75}</UniqueIdentifier>
    </Filter>
    <Filter Include="Source\pch">
      <UniqueIdentifier>{80853e7a-f921-4053-86f4-ad6c155ae1d9}</UniqueIdentifier>
    </Filter>
    <Filter Include="Source\Private\Platform">
      <UniqueIdentifier>{7637b17b-9d3a-47e7-ad2c-634fb4c9b69b}</UniqueIdentifier>
    </Filter>
    <Filter Include="Source\Private\Platform\WIN32">
      <UniqueIdentifier>{0eff0e48-27b6-42c5-93f9-02b048bf1d93}</UniqueIdentifier>
    </Filter>
    <Filter Include="Source\Public\Platform">
      <UniqueIdentifier>{4f30a576-c342-4454-8a2e-44a1d1449e09}</UniqueIdentifier>
    </Filter>
    <Filter Include="Source\Public\Platform\WIN32">
      <UniqueIdentifier>{5685ba3d-a55f-44e8-9bf3-c290686ea73c}</UniqueIdentifier>
    </Filter>
    <Filter Include="Source\Private\Common">
      <UniqueIdentifier>{44897356-ebf5-4f8d-9a5b-d9862e7e856d}</UniqueIdentifier>
    </Filter>
    <Filter Include="Source\Public\Common">
      <UniqueIdentifier>{fa2efdb3-aacb-4163-87fc-61e68da87434}</UniqueIdentifier>
    </Filter>
    <Filter Include="Source\Private\Core">
      <UniqueIdentifier>{eedfd5c8-5e25-4d43-b9db-2c08fbf641e8}</UniqueIdentifier>
    </Filter>
    <Filter Include="Source\Public\Core">
      <UniqueIdentifier>{74e3f76f-bc4e-437e-818e-786ab86177b8}</UniqueIdentifier>
    </Filter>
  </ItemGroup>
  <ItemGroup>
    <ClInclude Include="Source\Olympus.h">
      <Filter>Source\pch</Filter>
    </ClInclude>
    <ClInclude Include="Source\Platform\WIN32\IApplication.h">
      <Filter>Source\Public\Platform\WIN32</Filter>
    </ClInclude>
    <ClInclude Include="Source\Platform\WIN32\WinEntry.h">
      <Filter>Source\Public\Platform\WIN32</Filter>
    </ClInclude>
    <ClInclude Include="Source\Common\Logger.h">
      <Filter>Source\Public\Common</Filter>
    </ClInclude>
    <ClInclude Include="Source\Core\PerGameSettings.h">
      <Filter>Source\Public\Core</Filter>
    </ClInclude>
  </ItemGroup>
  <ItemGroup>
    <ClCompile Include="Source\Olympus.cpp">
      <Filter>Source\pch</Filter>
    </ClCompile>
    <ClCompile Include="Source\Platform\WIN32\IApplication.cpp">
      <Filter>Source\Private\Platform\WIN32</Filter>
    </ClCompile>
    <ClCompile Include="Source\Common\Logger.cpp">
      <Filter>Source\Private\Common</Filter>
    </ClCompile>
    <ClCompile Include="Source\Core\PerGameSettings.cpp">
      <Filter>Source\Private\Core</Filter>
    </ClCompile>
  </ItemGroup>
</Project>