<?xml version="1.0" encoding="utf-8"?>
<Project ToolsVersion="4.0" xmlns="http://schemas.microsoft.com/developer/msbuild/2003">
  <ItemGroup>
    <ClCompile Include="Source\Application.cpp">
      <Filter>Source\Private</Filter>
    </ClCompile>
    <ClCompile Include="Source\pch.cpp">
      <Filter>Source\pch</Filter>
    </ClCompile>
    <ClCompile Include="Source\WinMain.cpp">
      <Filter>Source\Private</Filter>
    </ClCompile>
  </ItemGroup>
  <ItemGroup>
    <ClInclude Include="Source\Application.h">
      <Filter>Source\Public</Filter>
    </ClInclude>
    <ClInclude Include="Source\pch.h">
      <Filter>Source\pch</Filter>
    </ClInclude>
    <ClInclude Include="resource.h">
      <Filter>Content</Filter>
    </ClInclude>
  </ItemGroup>
  <ItemGroup>
    <None Include="packages.config" />
  </ItemGroup>
  <ItemGroup>
    <Filter Include="Source">
      <UniqueIdentifier>{6eb612e5-f102-430d-beb8-f848a41567d8}</UniqueIdentifier>
    </Filter>
    <Filter Include="Source\Public">
      <UniqueIdentifier>{ab206995-e444-4dc2-ae60-f0866a8258d1}</UniqueIdentifier>
    </Filter>
    <Filter Include="Source\Private">
      <UniqueIdentifier>{d4c1eccd-9758-4e93-b87b-207f356b6ac5}</UniqueIdentifier>
    </Filter>
    <Filter Include="Source\pch">
      <UniqueIdentifier>{c2eb2efa-6b90-460a-95b7-2e18bfc6a4bc}</UniqueIdentifier>
    </Filter>
    <Filter Include="Content">
      <UniqueIdentifier>{00460497-12b7-4751-a783-511f09103874}</UniqueIdentifier>
    </Filter>
    <Filter Include="Content\Icons">
      <UniqueIdentifier>{cdd35a28-0c10-4ab1-b495-5a600e8edcca}</UniqueIdentifier>
    </Filter>
    <Filter Include="Content\Images">
      <UniqueIdentifier>{580e6f9d-eff1-4fa0-a25d-19a74e950727}</UniqueIdentifier>
    </Filter>
  </ItemGroup>
  <ItemGroup>
    <Image Include="Content\Images\BlankProjectSplash.bmp">
      <Filter>Content\Images</Filter>
    </Image>
    <Image Include="Content\Icons\OlympusMons.ico">
      <Filter>Content\Icons</Filter>
    </Image>
  </ItemGroup>
  <ItemGroup>
    <ResourceCompile Include="Game.rc">
      <Filter>Content</Filter>
    </ResourceCompile>
  </ItemGroup>
</Project>